
Microsoft Visual Studio Solution File, Format Version 12.00
# Visual Studio Version 16
VisualStudioVersion = 16.0.33927.289
MinimumVisualStudioVersion = 10.0.40219.1
Project("{2150E333-8FDC-42A3-9474-1A3956D46DE8}") = "Task0", "Task0", "{D3A80A4B-9721-483D-AED6-B333EDFC76EF}"
EndProject
Project("{FAE04EC0-301F-11D3-BF4B-00C04F79EFBC}") = "Tyuiu.BrovinaYV.Sprint4.Task0.V13", "Tyuiu.BrovinaYV.Sprint4.Task0.V13\Tyuiu.BrovinaYV.Sprint4.Task0.V13.csproj", "{D7BEC84C-3840-4D1E-BE84-30391A5851ED}"
EndProject
Project("{FAE04EC0-301F-11D3-BF4B-00C04F79EFBC}") = "Tyuiu.BrovinaYV.Sprint4.Task0.V13.Lib", "Tyuiu.BrovinaYV.Sprint4.Task0.V13.Lib\Tyuiu.BrovinaYV.Sprint4.Task0.V13.Lib.csproj", "{0043BA31-CAC9-48DB-902B-729F2A9D184D}"
EndProject
Project("{FAE04EC0-301F-11D3-BF4B-00C04F79EFBC}") = "Tyuiu.BrovinaYV.Sprint4.Task0.V13.Test", "Tyuiu.BrovinaYV.Sprint4.Task0.V13.Test\Tyuiu.BrovinaYV.Sprint4.Task0.V13.Test.csproj", "{FD9EAEFA-9C39-49F7-A1EE-7C2587F1BB6C}"
EndProject
Project("{2150E333-8FDC-42A3-9474-1A3956D46DE8}") = "Task1", "Task1", "{C856BFCD-3C8E-41EE-BC48-60959A051AEF}"
EndProject
Project("{FAE04EC0-301F-11D3-BF4B-00C04F79EFBC}") = "Tyuiu.BrovinaYV.Sprint4.Task1.V6", "Tyuiu.BrovinaYV.Sprint4.Task1.V6\Tyuiu.BrovinaYV.Sprint4.Task1.V6.csproj", "{29837B6A-4C92-4F2F-A642-FD27B22A1140}"
EndProject
Project("{FAE04EC0-301F-11D3-BF4B-00C04F79EFBC}") = "Tyuiu.BrovinaYV.Sprint4.Task1.V6.Lib", "Tyuiu.BrovinaYV.Sprint4.Task1.V6.Lib\Tyuiu.BrovinaYV.Sprint4.Task1.V6.Lib.csproj", "{DA78C8CC-3A37-4F84-AC5D-6FE97629EBEC}"
EndProject
Project("{FAE04EC0-301F-11D3-BF4B-00C04F79EFBC}") = "Tyuiu.BrovinaYV.Sprint4.Task1.V6.Test", "Tyuiu.BrovinaYV.Sprint4.Task1.V6.Test\Tyuiu.BrovinaYV.Sprint4.Task1.V6.Test.csproj", "{639A2507-C5B0-4955-832A-4C6CBD37CBFF}"
EndProject
Project("{2150E333-8FDC-42A3-9474-1A3956D46DE8}") = "Task2", "Task2", "{4507125A-62B9-46FF-BBCF-6606C7FE21C7}"
EndProject
Project("{FAE04EC0-301F-11D3-BF4B-00C04F79EFBC}") = "Tyuiu.BrovinaYV.Sprint4.Task2.V13", "Tyuiu.BrovinaYV.Sprint4.Task2.V13\Tyuiu.BrovinaYV.Sprint4.Task2.V13.csproj", "{C73113AA-57F1-41DA-8711-7C5975262F84}"
EndProject
Project("{FAE04EC0-301F-11D3-BF4B-00C04F79EFBC}") = "Tyuiu.BrovinaYV.Sprint4.Task2.V13.Lib", "Tyuiu.BrovinaYV.Sprint4.Task2.V13.Lib\Tyuiu.BrovinaYV.Sprint4.Task2.V13.Lib.csproj", "{FC5FD123-09D8-4B69-8AE7-042BF96007B2}"
EndProject
Project("{FAE04EC0-301F-11D3-BF4B-00C04F79EFBC}") = "Tyuiu.BrovinaYV.Sprint4.Task2.V13.Test", "Tyuiu.BrovinaYV.Sprint4.Task2.V13.Test\Tyuiu.BrovinaYV.Sprint4.Task2.V13.Test.csproj", "{741380FD-623A-4944-86DB-1B18D6480CDC}"
EndProject
Project("{2150E333-8FDC-42A3-9474-1A3956D46DE8}") = "Task3", "Task3", "{3EF5358C-8805-4E11-92C3-9B338A35FAE1}"
EndProject
Project("{FAE04EC0-301F-11D3-BF4B-00C04F79EFBC}") = "Tyuiu.BrovinaYV.Sprint4.Task3.V27", "Tyuiu.BrovinaYV.Sprint4.Task3.V27\Tyuiu.BrovinaYV.Sprint4.Task3.V27.csproj", "{A3E11C7F-96FD-42B5-82F5-E503A12CD7A1}"
EndProject
Project("{FAE04EC0-301F-11D3-BF4B-00C04F79EFBC}") = "Tyuiu.BrovinaYV.Sprint4.Task3.V27.Lib", "Tyuiu.BrovinaYV.Sprint4.Task3.V27.Lib\Tyuiu.BrovinaYV.Sprint4.Task3.V27.Lib.csproj", "{C39D4B6B-B757-469E-934F-04C2E0969DE6}"
EndProject
Project("{FAE04EC0-301F-11D3-BF4B-00C04F79EFBC}") = "Tyuiu.BrovinaYV.Sprint4.Task3.V27.Test", "Tyuiu.BrovinaYV.Sprint4.Task3.V27.Test\Tyuiu.BrovinaYV.Sprint4.Task3.V27.Test.csproj", "{4D264BEA-D538-4C4C-8195-F98FF1B376F3}"
EndProject
Project("{2150E333-8FDC-42A3-9474-1A3956D46DE8}") = "Task4", "Task4", "{52A2D7A9-656D-4BB8-A092-2174A05509EA}"
EndProject
Project("{FAE04EC0-301F-11D3-BF4B-00C04F79EFBC}") = "Tyuiu.BrovinaYV.Sprint4.Task4.V24", "Tyuiu.BrovinaYV.Sprint4.Task4.V24\Tyuiu.BrovinaYV.Sprint4.Task4.V24.csproj", "{75101D66-2465-4456-AF7B-55F83CD58A43}"
EndProject
Project("{FAE04EC0-301F-11D3-BF4B-00C04F79EFBC}") = "Tyuiu.BrovinaYV.Sprint4.Task4.V24.Test", "Tyuiu.BrovinaYV.Sprint4.Task4.V24.Test\Tyuiu.BrovinaYV.Sprint4.Task4.V24.Test.csproj", "{35AFE32C-DDFA-469B-AA38-58B731DF59D6}"
EndProject
Project("{FAE04EC0-301F-11D3-BF4B-00C04F79EFBC}") = "Tyuiu.BrovinaYV.Sprint4.Task4.V24.Lib", "Tyuiu.BrovinaYV.Sprint4.Task4.V24.Lib\Tyuiu.BrovinaYV.Sprint4.Task4.V24.Lib.csproj", "{1EF5971E-AA29-45F9-A540-215908237F45}"
EndProject
Project("{2150E333-8FDC-42A3-9474-1A3956D46DE8}") = "Task5", "Task5", "{EB442DD0-B113-4CEA-98BB-7393F08F99B9}"
EndProject
Project("{FAE04EC0-301F-11D3-BF4B-00C04F79EFBC}") = "Tyuiu.BrovinaYV.Sprint4.Task5.V25", "Tyuiu.BrovinaYV.Sprint4.Task5.V25\Tyuiu.BrovinaYV.Sprint4.Task5.V25.csproj", "{D662CBDB-D06D-43A7-BFB6-E64B3C64D2D6}"
EndProject
Project("{FAE04EC0-301F-11D3-BF4B-00C04F79EFBC}") = "Tyuiu.BrovinaYV.Sprint4.Task5.V25.Lib", "Tyuiu.BrovinaYV.Sprint4.Task5.V25.Lib\Tyuiu.BrovinaYV.Sprint4.Task5.V25.Lib.csproj", "{2D347ED9-D798-495A-AE2F-F7EAE2DED01C}"
EndProject
Project("{FAE04EC0-301F-11D3-BF4B-00C04F79EFBC}") = "Tyuiu.BrovinaYV.Sprint4.Task5.V25.Test", "Tyuiu.BrovinaYV.Sprint4.Task5.V25.Test\Tyuiu.BrovinaYV.Sprint4.Task5.V25.Test.csproj", "{22B78E69-18C6-405D-B9E3-B70402366A98}"
EndProject
Global
	GlobalSection(SolutionConfigurationPlatforms) = preSolution
		Debug|Any CPU = Debug|Any CPU
		Release|Any CPU = Release|Any CPU
	EndGlobalSection
	GlobalSection(ProjectConfigurationPlatforms) = postSolution
		{D7BEC84C-3840-4D1E-BE84-30391A5851ED}.Debug|Any CPU.ActiveCfg = Debug|Any CPU
		{D7BEC84C-3840-4D1E-BE84-30391A5851ED}.Debug|Any CPU.Build.0 = Debug|Any CPU
		{D7BEC84C-3840-4D1E-BE84-30391A5851ED}.Release|Any CPU.ActiveCfg = Release|Any CPU
		{D7BEC84C-3840-4D1E-BE84-30391A5851ED}.Release|Any CPU.Build.0 = Release|Any CPU
		{0043BA31-CAC9-48DB-902B-729F2A9D184D}.Debug|Any CPU.ActiveCfg = Debug|Any CPU
		{0043BA31-CAC9-48DB-902B-729F2A9D184D}.Debug|Any CPU.Build.0 = Debug|Any CPU
		{0043BA31-CAC9-48DB-902B-729F2A9D184D}.Release|Any CPU.ActiveCfg = Release|Any CPU
		{0043BA31-CAC9-48DB-902B-729F2A9D184D}.Release|Any CPU.Build.0 = Release|Any CPU
		{FD9EAEFA-9C39-49F7-A1EE-7C2587F1BB6C}.Debug|Any CPU.ActiveCfg = Debug|Any CPU
		{FD9EAEFA-9C39-49F7-A1EE-7C2587F1BB6C}.Debug|Any CPU.Build.0 = Debug|Any CPU
		{FD9EAEFA-9C39-49F7-A1EE-7C2587F1BB6C}.Release|Any CPU.ActiveCfg = Release|Any CPU
		{FD9EAEFA-9C39-49F7-A1EE-7C2587F1BB6C}.Release|Any CPU.Build.0 = Release|Any CPU
		{29837B6A-4C92-4F2F-A642-FD27B22A1140}.Debug|Any CPU.ActiveCfg = Debug|Any CPU
		{29837B6A-4C92-4F2F-A642-FD27B22A1140}.Debug|Any CPU.Build.0 = Debug|Any CPU
		{29837B6A-4C92-4F2F-A642-FD27B22A1140}.Release|Any CPU.ActiveCfg = Release|Any CPU
		{29837B6A-4C92-4F2F-A642-FD27B22A1140}.Release|Any CPU.Build.0 = Release|Any CPU
		{DA78C8CC-3A37-4F84-AC5D-6FE97629EBEC}.Debug|Any CPU.ActiveCfg = Debug|Any CPU
		{DA78C8CC-3A37-4F84-AC5D-6FE97629EBEC}.Debug|Any CPU.Build.0 = Debug|Any CPU
		{DA78C8CC-3A37-4F84-AC5D-6FE97629EBEC}.Release|Any CPU.ActiveCfg = Release|Any CPU
		{DA78C8CC-3A37-4F84-AC5D-6FE97629EBEC}.Release|Any CPU.Build.0 = Release|Any CPU
		{639A2507-C5B0-4955-832A-4C6CBD37CBFF}.Debug|Any CPU.ActiveCfg = Debug|Any CPU
		{639A2507-C5B0-4955-832A-4C6CBD37CBFF}.Debug|Any CPU.Build.0 = Debug|Any CPU
		{639A2507-C5B0-4955-832A-4C6CBD37CBFF}.Release|Any CPU.ActiveCfg = Release|Any CPU
		{639A2507-C5B0-4955-832A-4C6CBD37CBFF}.Release|Any CPU.Build.0 = Release|Any CPU
		{C73113AA-57F1-41DA-8711-7C5975262F84}.Debug|Any CPU.ActiveCfg = Debug|Any CPU
		{C73113AA-57F1-41DA-8711-7C5975262F84}.Debug|Any CPU.Build.0 = Debug|Any CPU
		{C73113AA-57F1-41DA-8711-7C5975262F84}.Release|Any CPU.ActiveCfg = Release|Any CPU
		{C73113AA-57F1-41DA-8711-7C5975262F84}.Release|Any CPU.Build.0 = Release|Any CPU
		{FC5FD123-09D8-4B69-8AE7-042BF96007B2}.Debug|Any CPU.ActiveCfg = Debug|Any CPU
		{FC5FD123-09D8-4B69-8AE7-042BF96007B2}.Debug|Any CPU.Build.0 = Debug|Any CPU
		{FC5FD123-09D8-4B69-8AE7-042BF96007B2}.Release|Any CPU.ActiveCfg = Release|Any CPU
		{FC5FD123-09D8-4B69-8AE7-042BF96007B2}.Release|Any CPU.Build.0 = Release|Any CPU
		{741380FD-623A-4944-86DB-1B18D6480CDC}.Debug|Any CPU.ActiveCfg = Debug|Any CPU
		{741380FD-623A-4944-86DB-1B18D6480CDC}.Debug|Any CPU.Build.0 = Debug|Any CPU
		{741380FD-623A-4944-86DB-1B18D6480CDC}.Release|Any CPU.ActiveCfg = Release|Any CPU
		{741380FD-623A-4944-86DB-1B18D6480CDC}.Release|Any CPU.Build.0 = Release|Any CPU
		{A3E11C7F-96FD-42B5-82F5-E503A12CD7A1}.Debug|Any CPU.ActiveCfg = Debug|Any CPU
		{A3E11C7F-96FD-42B5-82F5-E503A12CD7A1}.Debug|Any CPU.Build.0 = Debug|Any CPU
		{A3E11C7F-96FD-42B5-82F5-E503A12CD7A1}.Release|Any CPU.ActiveCfg = Release|Any CPU
		{A3E11C7F-96FD-42B5-82F5-E503A12CD7A1}.Release|Any CPU.Build.0 = Release|Any CPU
		{C39D4B6B-B757-469E-934F-04C2E0969DE6}.Debug|Any CPU.ActiveCfg = Debug|Any CPU
		{C39D4B6B-B757-469E-934F-04C2E0969DE6}.Debug|Any CPU.Build.0 = Debug|Any CPU
		{C39D4B6B-B757-469E-934F-04C2E0969DE6}.Release|Any CPU.ActiveCfg = Release|Any CPU
		{C39D4B6B-B757-469E-934F-04C2E0969DE6}.Release|Any CPU.Build.0 = Release|Any CPU
		{4D264BEA-D538-4C4C-8195-F98FF1B376F3}.Debug|Any CPU.ActiveCfg = Debug|Any CPU
		{4D264BEA-D538-4C4C-8195-F98FF1B376F3}.Debug|Any CPU.Build.0 = Debug|Any CPU
		{4D264BEA-D538-4C4C-8195-F98FF1B376F3}.Release|Any CPU.ActiveCfg = Release|Any CPU
		{4D264BEA-D538-4C4C-8195-F98FF1B376F3}.Release|Any CPU.Build.0 = Release|Any CPU
		{75101D66-2465-4456-AF7B-55F83CD58A43}.Debug|Any CPU.ActiveCfg = Debug|Any CPU
		{75101D66-2465-4456-AF7B-55F83CD58A43}.Debug|Any CPU.Build.0 = Debug|Any CPU
		{75101D66-2465-4456-AF7B-55F83CD58A43}.Release|Any CPU.ActiveCfg = Release|Any CPU
		{75101D66-2465-4456-AF7B-55F83CD58A43}.Release|Any CPU.Build.0 = Release|Any CPU
		{35AFE32C-DDFA-469B-AA38-58B731DF59D6}.Debug|Any CPU.ActiveCfg = Debug|Any CPU
		{35AFE32C-DDFA-469B-AA38-58B731DF59D6}.Debug|Any CPU.Build.0 = Debug|Any CPU
		{35AFE32C-DDFA-469B-AA38-58B731DF59D6}.Release|Any CPU.ActiveCfg = Release|Any CPU
		{35AFE32C-DDFA-469B-AA38-58B731DF59D6}.Release|Any CPU.Build.0 = Release|Any CPU
		{1EF5971E-AA29-45F9-A540-215908237F45}.Debug|Any CPU.ActiveCfg = Debug|Any CPU
		{1EF5971E-AA29-45F9-A540-215908237F45}.Debug|Any CPU.Build.0 = Debug|Any CPU
		{1EF5971E-AA29-45F9-A540-215908237F45}.Release|Any CPU.ActiveCfg = Release|Any CPU
		{1EF5971E-AA29-45F9-A540-215908237F45}.Release|Any CPU.Build.0 = Release|Any CPU
		{D662CBDB-D06D-43A7-BFB6-E64B3C64D2D6}.Debug|Any CPU.ActiveCfg = Debug|Any CPU
		{D662CBDB-D06D-43A7-BFB6-E64B3C64D2D6}.Debug|Any CPU.Build.0 = Debug|Any CPU
		{D662CBDB-D06D-43A7-BFB6-E64B3C64D2D6}.Release|Any CPU.ActiveCfg = Release|Any CPU
		{D662CBDB-D06D-43A7-BFB6-E64B3C64D2D6}.Release|Any CPU.Build.0 = Release|Any CPU
		{2D347ED9-D798-495A-AE2F-F7EAE2DED01C}.Debug|Any CPU.ActiveCfg = Debug|Any CPU
		{2D347ED9-D798-495A-AE2F-F7EAE2DED01C}.Debug|Any CPU.Build.0 = Debug|Any CPU
		{2D347ED9-D798-495A-AE2F-F7EAE2DED01C}.Release|Any CPU.ActiveCfg = Release|Any CPU
		{2D347ED9-D798-495A-AE2F-F7EAE2DED01C}.Release|Any CPU.Build.0 = Release|Any CPU
		{22B78E69-18C6-405D-B9E3-B70402366A98}.Debug|Any CPU.ActiveCfg = Debug|Any CPU
		{22B78E69-18C6-405D-B9E3-B70402366A98}.Debug|Any CPU.Build.0 = Debug|Any CPU
		{22B78E69-18C6-405D-B9E3-B70402366A98}.Release|Any CPU.ActiveCfg = Release|Any CPU
		{22B78E69-18C6-405D-B9E3-B70402366A98}.Release|Any CPU.Build.0 = Release|Any CPU
	EndGlobalSection
	GlobalSection(SolutionProperties) = preSolution
		HideSolutionNode = FALSE
	EndGlobalSection
	GlobalSection(NestedProjects) = preSolution
		{D7BEC84C-3840-4D1E-BE84-30391A5851ED} = {D3A80A4B-9721-483D-AED6-B333EDFC76EF}
		{0043BA31-CAC9-48DB-902B-729F2A9D184D} = {D3A80A4B-9721-483D-AED6-B333EDFC76EF}
		{FD9EAEFA-9C39-49F7-A1EE-7C2587F1BB6C} = {D3A80A4B-9721-483D-AED6-B333EDFC76EF}
		{29837B6A-4C92-4F2F-A642-FD27B22A1140} = {C856BFCD-3C8E-41EE-BC48-60959A051AEF}
		{DA78C8CC-3A37-4F84-AC5D-6FE97629EBEC} = {C856BFCD-3C8E-41EE-BC48-60959A051AEF}
		{639A2507-C5B0-4955-832A-4C6CBD37CBFF} = {C856BFCD-3C8E-41EE-BC48-60959A051AEF}
		{C73113AA-57F1-41DA-8711-7C5975262F84} = {4507125A-62B9-46FF-BBCF-6606C7FE21C7}
		{FC5FD123-09D8-4B69-8AE7-042BF96007B2} = {4507125A-62B9-46FF-BBCF-6606C7FE21C7}
		{741380FD-623A-4944-86DB-1B18D6480CDC} = {4507125A-62B9-46FF-BBCF-6606C7FE21C7}
		{A3E11C7F-96FD-42B5-82F5-E503A12CD7A1} = {3EF5358C-8805-4E11-92C3-9B338A35FAE1}
		{C39D4B6B-B757-469E-934F-04C2E0969DE6} = {3EF5358C-8805-4E11-92C3-9B338A35FAE1}
		{4D264BEA-D538-4C4C-8195-F98FF1B376F3} = {3EF5358C-8805-4E11-92C3-9B338A35FAE1}
		{75101D66-2465-4456-AF7B-55F83CD58A43} = {52A2D7A9-656D-4BB8-A092-2174A05509EA}
		{35AFE32C-DDFA-469B-AA38-58B731DF59D6} = {52A2D7A9-656D-4BB8-A092-2174A05509EA}
		{1EF5971E-AA29-45F9-A540-215908237F45} = {52A2D7A9-656D-4BB8-A092-2174A05509EA}
		{D662CBDB-D06D-43A7-BFB6-E64B3C64D2D6} = {EB442DD0-B113-4CEA-98BB-7393F08F99B9}
		{2D347ED9-D798-495A-AE2F-F7EAE2DED01C} = {EB442DD0-B113-4CEA-98BB-7393F08F99B9}
		{22B78E69-18C6-405D-B9E3-B70402366A98} = {EB442DD0-B113-4CEA-98BB-7393F08F99B9}
	EndGlobalSection
	GlobalSection(ExtensibilityGlobals) = postSolution
		SolutionGuid = {22957C63-79CA-4174-9713-0C122218B699}
	EndGlobalSection
EndGlobal
