
Microsoft Visual Studio Solution File, Format Version 12.00
# Visual Studio Version 16
VisualStudioVersion = 16.0.33927.289
MinimumVisualStudioVersion = 10.0.40219.1
Project("{2150E333-8FDC-42A3-9474-1A3956D46DE8}") = "Task0", "Task0", "{D3A80A4B-9721-483D-AED6-B333EDFC76EF}"
EndProject
Project("{FAE04EC0-301F-11D3-BF4B-00C04F79EFBC}") = "Tyuiu.BrovinaYV.Sprint4.Task0.V13", "Tyuiu.BrovinaYV.Sprint4.Task0.V13\Tyuiu.BrovinaYV.Sprint4.Task0.V13.csproj", "{D7BEC84C-3840-4D1E-BE84-30391A5851ED}"
EndProject
Project("{FAE04EC0-301F-11D3-BF4B-00C04F79EFBC}") = "Tyuiu.BrovinaYV.Sprint4.Task0.V13.Lib", "Tyuiu.BrovinaYV.Sprint4.Task0.V13.Lib\Tyuiu.BrovinaYV.Sprint4.Task0.V13.Lib.csproj", "{0043BA31-CAC9-48DB-902B-729F2A9D184D}"
EndProject
Project("{FAE04EC0-301F-11D3-BF4B-00C04F79EFBC}") = "Tyuiu.BrovinaYV.Sprint4.Task0.V13.Test", "Tyuiu.BrovinaYV.Sprint4.Task0.V13.Test\Tyuiu.BrovinaYV.Sprint4.Task0.V13.Test.csproj", "{FD9EAEFA-9C39-49F7-A1EE-7C2587F1BB6C}"
EndProject
Project("{2150E333-8FDC-42A3-9474-1A3956D46DE8}") = "Task1", "Task1", "{C856BFCD-3C8E-41EE-BC48-60959A051AEF}"
EndProject
Project("{FAE04EC0-301F-11D3-BF4B-00C04F79EFBC}") = "Tyuiu.BrovinaYV.Sprint4.Task1.V6", "Tyuiu.BrovinaYV.Sprint4.Task1.V6\Tyuiu.BrovinaYV.Sprint4.Task1.V6.csproj", "{29837B6A-4C92-4F2F-A642-FD27B22A1140}"
EndProject
Project("{FAE04EC0-301F-11D3-BF4B-00C04F79EFBC}") = "Tyuiu.BrovinaYV.Sprint4.Task1.V6.Lib", "Tyuiu.BrovinaYV.Sprint4.Task1.V6.Lib\Tyuiu.BrovinaYV.Sprint4.Task1.V6.Lib.csproj", "{DA78C8CC-3A37-4F84-AC5D-6FE97629EBEC}"
EndProject
Project("{FAE04EC0-301F-11D3-BF4B-00C04F79EFBC}") = "Tyuiu.BrovinaYV.Sprint4.Task1.V6.Test", "Tyuiu.BrovinaYV.Sprint4.Task1.V6.Test\Tyuiu.BrovinaYV.Sprint4.Task1.V6.Test.csproj", "{639A2507-C5B0-4955-832A-4C6CBD37CBFF}"
EndProject
Project("{2150E333-8FDC-42A3-9474-1A3956D46DE8}") = "Task2", "Task2", "{4507125A-62B9-46FF-BBCF-6606C7FE21C7}"
EndProject
Project("{FAE04EC0-301F-11D3-BF4B-00C04F79EFBC}") = "Tyuiu.BrovinaYV.Sprint4.Task2.V13", "Tyuiu.BrovinaYV.Sprint4.Task2.V13\Tyuiu.BrovinaYV.Sprint4.Task2.V13.csproj", "{C73113AA-57F1-41DA-8711-7C5975262F84}"
EndProject
Project("{FAE04EC0-301F-11D3-BF4B-00C04F79EFBC}") = "Tyuiu.BrovinaYV.Sprint4.Task2.V13.Lib", "Tyuiu.BrovinaYV.Sprint4.Task2.V13.Lib\Tyuiu.BrovinaYV.Sprint4.Task2.V13.Lib.csproj", "{FC5FD123-09D8-4B69-8AE7-042BF96007B2}"
EndProject
Project("{FAE04EC0-301F-11D3-BF4B-00C04F79EFBC}") = "Tyuiu.BrovinaYV.Sprint4.Task2.V13.Test", "Tyuiu.BrovinaYV.Sprint4.Task2.V13.Test\Tyuiu.BrovinaYV.Sprint4.Task2.V13.Test.csproj", "{741380FD-623A-4944-86DB-1B18D6480CDC}"
EndProject
Global
	GlobalSection(SolutionConfigurationPlatforms) = preSolution
		Debug|Any CPU = Debug|Any CPU
		Release|Any CPU = Release|Any CPU
	EndGlobalSection
	GlobalSection(ProjectConfigurationPlatforms) = postSolution
		{D7BEC84C-3840-4D1E-BE84-30391A5851ED}.Debug|Any CPU.ActiveCfg = Debug|Any CPU
		{D7BEC84C-3840-4D1E-BE84-30391A5851ED}.Debug|Any CPU.Build.0 = Debug|Any CPU
		{D7BEC84C-3840-4D1E-BE84-30391A5851ED}.Release|Any CPU.ActiveCfg = Release|Any CPU
		{D7BEC84C-3840-4D1E-BE84-30391A5851ED}.Release|Any CPU.Build.0 = Release|Any CPU
		{0043BA31-CAC9-48DB-902B-729F2A9D184D}.Debug|Any CPU.ActiveCfg = Debug|Any CPU
		{0043BA31-CAC9-48DB-902B-729F2A9D184D}.Debug|Any CPU.Build.0 = Debug|Any CPU
		{0043BA31-CAC9-48DB-902B-729F2A9D184D}.Release|Any CPU.ActiveCfg = Release|Any CPU
		{0043BA31-CAC9-48DB-902B-729F2A9D184D}.Release|Any CPU.Build.0 = Release|Any CPU
		{FD9EAEFA-9C39-49F7-A1EE-7C2587F1BB6C}.Debug|Any CPU.ActiveCfg = Debug|Any CPU
		{FD9EAEFA-9C39-49F7-A1EE-7C2587F1BB6C}.Debug|Any CPU.Build.0 = Debug|Any CPU
		{FD9EAEFA-9C39-49F7-A1EE-7C2587F1BB6C}.Release|Any CPU.ActiveCfg = Release|Any CPU
		{FD9EAEFA-9C39-49F7-A1EE-7C2587F1BB6C}.Release|Any CPU.Build.0 = Release|Any CPU
		{29837B6A-4C92-4F2F-A642-FD27B22A1140}.Debug|Any CPU.ActiveCfg = Debug|Any CPU
		{29837B6A-4C92-4F2F-A642-FD27B22A1140}.Debug|Any CPU.Build.0 = Debug|Any CPU
		{29837B6A-4C92-4F2F-A642-FD27B22A1140}.Release|Any CPU.ActiveCfg = Release|Any CPU
		{29837B6A-4C92-4F2F-A642-FD27B22A1140}.Release|Any CPU.Build.0 = Release|Any CPU
		{DA78C8CC-3A37-4F84-AC5D-6FE97629EBEC}.Debug|Any CPU.ActiveCfg = Debug|Any CPU
		{DA78C8CC-3A37-4F84-AC5D-6FE97629EBEC}.Debug|Any CPU.Build.0 = Debug|Any CPU
		{DA78C8CC-3A37-4F84-AC5D-6FE97629EBEC}.Release|Any CPU.ActiveCfg = Release|Any CPU
		{DA78C8CC-3A37-4F84-AC5D-6FE97629EBEC}.Release|Any CPU.Build.0 = Release|Any CPU
		{639A2507-C5B0-4955-832A-4C6CBD37CBFF}.Debug|Any CPU.ActiveCfg = Debug|Any CPU
		{639A2507-C5B0-4955-832A-4C6CBD37CBFF}.Debug|Any CPU.Build.0 = Debug|Any CPU
		{639A2507-C5B0-4955-832A-4C6CBD37CBFF}.Release|Any CPU.ActiveCfg = Release|Any CPU
		{639A2507-C5B0-4955-832A-4C6CBD37CBFF}.Release|Any CPU.Build.0 = Release|Any CPU
		{C73113AA-57F1-41DA-8711-7C5975262F84}.Debug|Any CPU.ActiveCfg = Debug|Any CPU
		{C73113AA-57F1-41DA-8711-7C5975262F84}.Debug|Any CPU.Build.0 = Debug|Any CPU
		{C73113AA-57F1-41DA-8711-7C5975262F84}.Release|Any CPU.ActiveCfg = Release|Any CPU
		{C73113AA-57F1-41DA-8711-7C5975262F84}.Release|Any CPU.Build.0 = Release|Any CPU
		{FC5FD123-09D8-4B69-8AE7-042BF96007B2}.Debug|Any CPU.ActiveCfg = Debug|Any CPU
		{FC5FD123-09D8-4B69-8AE7-042BF96007B2}.Debug|Any CPU.Build.0 = Debug|Any CPU
		{FC5FD123-09D8-4B69-8AE7-042BF96007B2}.Release|Any CPU.ActiveCfg = Release|Any CPU
		{FC5FD123-09D8-4B69-8AE7-042BF96007B2}.Release|Any CPU.Build.0 = Release|Any CPU
		{741380FD-623A-4944-86DB-1B18D6480CDC}.Debug|Any CPU.ActiveCfg = Debug|Any CPU
		{741380FD-623A-4944-86DB-1B18D6480CDC}.Debug|Any CPU.Build.0 = Debug|Any CPU
		{741380FD-623A-4944-86DB-1B18D6480CDC}.Release|Any CPU.ActiveCfg = Release|Any CPU
		{741380FD-623A-4944-86DB-1B18D6480CDC}.Release|Any CPU.Build.0 = Release|Any CPU
	EndGlobalSection
	GlobalSection(SolutionProperties) = preSolution
		HideSolutionNode = FALSE
	EndGlobalSection
	GlobalSection(NestedProjects) = preSolution
		{D7BEC84C-3840-4D1E-BE84-30391A5851ED} = {D3A80A4B-9721-483D-AED6-B333EDFC76EF}
		{0043BA31-CAC9-48DB-902B-729F2A9D184D} = {D3A80A4B-9721-483D-AED6-B333EDFC76EF}
		{FD9EAEFA-9C39-49F7-A1EE-7C2587F1BB6C} = {D3A80A4B-9721-483D-AED6-B333EDFC76EF}
		{29837B6A-4C92-4F2F-A642-FD27B22A1140} = {C856BFCD-3C8E-41EE-BC48-60959A051AEF}
		{DA78C8CC-3A37-4F84-AC5D-6FE97629EBEC} = {C856BFCD-3C8E-41EE-BC48-60959A051AEF}
		{639A2507-C5B0-4955-832A-4C6CBD37CBFF} = {C856BFCD-3C8E-41EE-BC48-60959A051AEF}
		{C73113AA-57F1-41DA-8711-7C5975262F84} = {4507125A-62B9-46FF-BBCF-6606C7FE21C7}
		{FC5FD123-09D8-4B69-8AE7-042BF96007B2} = {4507125A-62B9-46FF-BBCF-6606C7FE21C7}
		{741380FD-623A-4944-86DB-1B18D6480CDC} = {4507125A-62B9-46FF-BBCF-6606C7FE21C7}
	EndGlobalSection
	GlobalSection(ExtensibilityGlobals) = postSolution
		SolutionGuid = {22957C63-79CA-4174-9713-0C122218B699}
	EndGlobalSection
EndGlobal
